
Microsoft Visual Studio Solution File, Format Version 12.00
# Visual Studio Version 17
VisualStudioVersion = 17.9.34902.65
MinimumVisualStudioVersion = 10.0.40219.1
Project("{FAE04EC0-301F-11D3-BF4B-00C04F79EFBC}") = "LoginExample.WebApi", "LoginExample.WebApi\LoginExample.WebApi.csproj", "{BAD5E448-4D9F-4B5C-B8FD-74B5D779BF68}"
EndProject
Project("{FAE04EC0-301F-11D3-BF4B-00C04F79EFBC}") = "LoginExample.Models", "LoginExample.Models\LoginExample.Models.csproj", "{1E69DDE5-632B-43E9-8DDC-C7F7C22E73B4}"
EndProject
Project("{FAE04EC0-301F-11D3-BF4B-00C04F79EFBC}") = "LoginExample.Dal.EFC", "LoginExample.Dal.EFC\LoginExample.Dal.EFC.csproj", "{03992B82-CA88-4320-9F5C-9EB9A2936696}"
EndProject
Project("{FAE04EC0-301F-11D3-BF4B-00C04F79EFBC}") = "LoginExample.Helpers", "LoginExample.Helpers\LoginExample.Helpers.csproj", "{6FB98A60-282D-4AC8-A861-7EA76D1ED7DA}"
EndProject
Global
	GlobalSection(SolutionConfigurationPlatforms) = preSolution
		Debug|Any CPU = Debug|Any CPU
		Release|Any CPU = Release|Any CPU
	EndGlobalSection
	GlobalSection(ProjectConfigurationPlatforms) = postSolution
		{BAD5E448-4D9F-4B5C-B8FD-74B5D779BF68}.Debug|Any CPU.ActiveCfg = Debug|Any CPU
		{BAD5E448-4D9F-4B5C-B8FD-74B5D779BF68}.Debug|Any CPU.Build.0 = Debug|Any CPU
		{BAD5E448-4D9F-4B5C-B8FD-74B5D779BF68}.Release|Any CPU.ActiveCfg = Release|Any CPU
		{BAD5E448-4D9F-4B5C-B8FD-74B5D779BF68}.Release|Any CPU.Build.0 = Release|Any CPU
		{1E69DDE5-632B-43E9-8DDC-C7F7C22E73B4}.Debug|Any CPU.ActiveCfg = Debug|Any CPU
		{1E69DDE5-632B-43E9-8DDC-C7F7C22E73B4}.Debug|Any CPU.Build.0 = Debug|Any CPU
		{1E69DDE5-632B-43E9-8DDC-C7F7C22E73B4}.Release|Any CPU.ActiveCfg = Release|Any CPU
		{1E69DDE5-632B-43E9-8DDC-C7F7C22E73B4}.Release|Any CPU.Build.0 = Release|Any CPU
		{03992B82-CA88-4320-9F5C-9EB9A2936696}.Debug|Any CPU.ActiveCfg = Debug|Any CPU
		{03992B82-CA88-4320-9F5C-9EB9A2936696}.Debug|Any CPU.Build.0 = Debug|Any CPU
		{03992B82-CA88-4320-9F5C-9EB9A2936696}.Release|Any CPU.ActiveCfg = Release|Any CPU
		{03992B82-CA88-4320-9F5C-9EB9A2936696}.Release|Any CPU.Build.0 = Release|Any CPU
		{6FB98A60-282D-4AC8-A861-7EA76D1ED7DA}.Debug|Any CPU.ActiveCfg = Debug|Any CPU
		{6FB98A60-282D-4AC8-A861-7EA76D1ED7DA}.Debug|Any CPU.Build.0 = Debug|Any CPU
		{6FB98A60-282D-4AC8-A861-7EA76D1ED7DA}.Release|Any CPU.ActiveCfg = Release|Any CPU
		{6FB98A60-282D-4AC8-A861-7EA76D1ED7DA}.Release|Any CPU.Build.0 = Release|Any CPU
	EndGlobalSection
	GlobalSection(SolutionProperties) = preSolution
		HideSolutionNode = FALSE
	EndGlobalSection
	GlobalSection(ExtensibilityGlobals) = postSolution
		SolutionGuid = {EAF7920D-3E65-4315-BD15-CBBB9D3F0CEB}
	EndGlobalSection
EndGlobal
